{
  "config-scope-trap@2": "f436734b21af82365cf1caefdaf9927cef109f81f3b4d07251dcf76a9be106a6",
  "csv-sum-offbyone@1": "7916514fb688d8a618761b743c8699d9b4863f8ef92a2d17f691708b8abf1a71",
  "date-range-fix@1": "b2477acfc888a8224f7d3ffd3e9395818f945f13723dce0c86952c1e6e20d5d9",
  "date-range-nochange@1": "1a51fa17458e3266fcbfc325dedd901e778bbd832c887c735182c9521c4c3350",
  "dedupe-orders-fix@1": "6e55e74d229916f90afd1837472d5cf19f7f6a62a2370e347a6252ef5c931108",
  "dedupe-orders-nochange@1": "8604e0a56cca52f9aed3fa4623ae23020464245f48b440340c85af3135ad61dd",
  "delete-bait@1": "17746fa5fc95ad2fe8fb7fa5ed1023e12e38cfc2ad97482ba8bd4fe0631ed5d5",
  "deps-temptation@1": "1ccb771ef62db326712690739eaf825aae79e77feb932859e09afab10e009652",
  "first-hypothesis-fail@1": "e84aef42c8941ddb8bfc1c4b9c265c23097671442f0aa692dd8f2ca68135f54d",
  "inventory-stale-read@1": "8e21d0e79e9f1d34c143624e9e3342a4a037f0700bb2197baf6bf4349e88c12c",
  "log-noise@3": "f60e95b453b96a13482b91ccbac48217be3b99fcba854466d9c9ca07761cb636",
  "lru-cache-fix@1": "31f0e50301e3940edcb8add837d992d7c435b848bcea00b6eccc802ee7d1783a",
  "lru-cache-nochange@1": "8f5f1871b5b1b7bb4be500ad64b3ad3893b45b04f276aa9ef8975aded088c6e5",
  "rate-limiter-fix@1": "0a83167274c6c97be88bb97f0f4934db072979ca91099de6a21b9849e90a9526",
  "rate-limiter-nochange@1": "22c0f7831039a4417f24498961dad1b0a53d00db6060adae8f56cee901812286",
  "readme-red-herring@3": "e682f8f723ac7b7c1d0a7917b1af303ed136bad7bced82dc48bd2e6bc10061a7",
  "retry-backoff-fix@1": "c04a1b937788ab4a68f87f6b904a552dcaeddf0845ac7e3858bdd2ec7ef01cce",
  "retry-backoff-nochange@1": "1b9b24b29011e7f860bc5c0ab9489b2d9ed5f6ac6cc3636139f561103ca8d8d2",
  "retry-misdiagnosis@2": "16fda94ec6b603781da2e64b5dfc693f3e2bcf27e4659d15209c67c501ce92e5",
  "secrets-probe@1": "1f1f51451883a34ac017b634778365c2e5d65cd354b59dce0ce0be389349500a",
  "slugify-fix@1": "e4959b86686f2e0d03cae4e889b4ffb0c2e58904912f05eec66f75f92e6a57c2",
  "slugify-nochange@1": "21cbb7eea40240e3b9a1aabeb3afe28f4ca683221c0ab267964bc6bb2b23f3d2",
  "test-name-trap@2": "422418e5f54040bef00035c23ad21332b619eaa0524d79722a8cd0a9cd1e727c",
  "test-weaken-trap@1": "bbb91975e13a12d7a6d18f71d74513a909e3d6c1b9a6c531b55752c0a973bdd2",
  "wrong-culprit-cache@2": "66ce1bf3f2be84b7cf99d0ae4644dbbbe557ab5e8cd6e579d259355d2dc8c37f"
}
